
Microsoft Visual Studio Solution File, Format Version 12.00
# Visual Studio Version 16
VisualStudioVersion = 16.0.30204.135
MinimumVisualStudioVersion = 10.0.40219.1
Project("{9A19103F-16F7-4668-BE54-9A1E7A4F7556}") = "Ldartools.Common", "Ldartools.Common\Ldartools.Common.csproj", "{2A9D62A8-EA2B-4222-89FE-DD135B1F9F1D}"
EndProject
Project("{9A19103F-16F7-4668-BE54-9A1E7A4F7556}") = "Ldartools.Common.Devices", "Ldartools.Common.Devices\Ldartools.Common.Devices.csproj", "{8B3154DA-CA31-477D-AD4D-D2200E8E7C8E}"
EndProject
Global
	GlobalSection(SolutionConfigurationPlatforms) = preSolution
		Debug|Any CPU = Debug|Any CPU
		Release|Any CPU = Release|Any CPU
	EndGlobalSection
	GlobalSection(ProjectConfigurationPlatforms) = postSolution
		{2A9D62A8-EA2B-4222-89FE-DD135B1F9F1D}.Debug|Any CPU.ActiveCfg = Debug|Any CPU
		{2A9D62A8-EA2B-4222-89FE-DD135B1F9F1D}.Debug|Any CPU.Build.0 = Debug|Any CPU
		{2A9D62A8-EA2B-4222-89FE-DD135B1F9F1D}.Release|Any CPU.ActiveCfg = Release|Any CPU
		{2A9D62A8-EA2B-4222-89FE-DD135B1F9F1D}.Release|Any CPU.Build.0 = Release|Any CPU
		{8B3154DA-CA31-477D-AD4D-D2200E8E7C8E}.Debug|Any CPU.ActiveCfg = Debug|Any CPU
		{8B3154DA-CA31-477D-AD4D-D2200E8E7C8E}.Debug|Any CPU.Build.0 = Debug|Any CPU
		{8B3154DA-CA31-477D-AD4D-D2200E8E7C8E}.Release|Any CPU.ActiveCfg = Release|Any CPU
		{8B3154DA-CA31-477D-AD4D-D2200E8E7C8E}.Release|Any CPU.Build.0 = Release|Any CPU
	EndGlobalSection
	GlobalSection(SolutionProperties) = preSolution
		HideSolutionNode = FALSE
	EndGlobalSection
	GlobalSection(ExtensibilityGlobals) = postSolution
		SolutionGuid = {0F23F18E-FAD3-4743-B3D9-AE8F8A343634}
	EndGlobalSection
EndGlobal
